
Microsoft Visual Studio Solution File, Format Version 12.00
# Visual Studio 15
VisualStudioVersion = 15.0.28307.645
MinimumVisualStudioVersion = 10.0.40219.1
Project("{FAE04EC0-301F-11D3-BF4B-00C04F79EFBC}") = "ServerApp", "ServerApp\ServerApp.csproj", "{CE57E8FA-EBC3-4D6F-8EF1-C90B186F39C1}"
	ProjectSection(ProjectDependencies) = postProject
		{49DF7091-2735-4024-A700-6069125CE39F} = {49DF7091-2735-4024-A700-6069125CE39F}
	EndProjectSection
EndProject
Project("{FAE04EC0-301F-11D3-BF4B-00C04F79EFBC}") = "ClientApp", "ClientApp\ClientApp.csproj", "{43A9EE48-E1F0-4DC6-A13C-561724243543}"
	ProjectSection(ProjectDependencies) = postProject
		{49DF7091-2735-4024-A700-6069125CE39F} = {49DF7091-2735-4024-A700-6069125CE39F}
	EndProjectSection
EndProject
Project("{FAE04EC0-301F-11D3-BF4B-00C04F79EFBC}") = "CommonApp", "CommonApp\CommonApp.csproj", "{49DF7091-2735-4024-A700-6069125CE39F}"
EndProject
Project("{FAE04EC0-301F-11D3-BF4B-00C04F79EFBC}") = "ClientUI", "ClientUI\ClientUI.csproj", "{54B812B6-0A75-4A6C-9D4D-3B54358B1D7C}"
EndProject
Global
	GlobalSection(SolutionConfigurationPlatforms) = preSolution
		Debug|Any CPU = Debug|Any CPU
		Release|Any CPU = Release|Any CPU
	EndGlobalSection
	GlobalSection(ProjectConfigurationPlatforms) = postSolution
		{CE57E8FA-EBC3-4D6F-8EF1-C90B186F39C1}.Debug|Any CPU.ActiveCfg = Debug|Any CPU
		{CE57E8FA-EBC3-4D6F-8EF1-C90B186F39C1}.Debug|Any CPU.Build.0 = Debug|Any CPU
		{CE57E8FA-EBC3-4D6F-8EF1-C90B186F39C1}.Release|Any CPU.ActiveCfg = Release|Any CPU
		{CE57E8FA-EBC3-4D6F-8EF1-C90B186F39C1}.Release|Any CPU.Build.0 = Release|Any CPU
		{43A9EE48-E1F0-4DC6-A13C-561724243543}.Debug|Any CPU.ActiveCfg = Debug|Any CPU
		{43A9EE48-E1F0-4DC6-A13C-561724243543}.Debug|Any CPU.Build.0 = Debug|Any CPU
		{43A9EE48-E1F0-4DC6-A13C-561724243543}.Release|Any CPU.ActiveCfg = Release|Any CPU
		{43A9EE48-E1F0-4DC6-A13C-561724243543}.Release|Any CPU.Build.0 = Release|Any CPU
		{49DF7091-2735-4024-A700-6069125CE39F}.Debug|Any CPU.ActiveCfg = Debug|Any CPU
		{49DF7091-2735-4024-A700-6069125CE39F}.Debug|Any CPU.Build.0 = Debug|Any CPU
		{49DF7091-2735-4024-A700-6069125CE39F}.Release|Any CPU.ActiveCfg = Release|Any CPU
		{49DF7091-2735-4024-A700-6069125CE39F}.Release|Any CPU.Build.0 = Release|Any CPU
		{54B812B6-0A75-4A6C-9D4D-3B54358B1D7C}.Debug|Any CPU.ActiveCfg = Debug|Any CPU
		{54B812B6-0A75-4A6C-9D4D-3B54358B1D7C}.Debug|Any CPU.Build.0 = Debug|Any CPU
		{54B812B6-0A75-4A6C-9D4D-3B54358B1D7C}.Release|Any CPU.ActiveCfg = Release|Any CPU
		{54B812B6-0A75-4A6C-9D4D-3B54358B1D7C}.Release|Any CPU.Build.0 = Release|Any CPU
	EndGlobalSection
	GlobalSection(SolutionProperties) = preSolution
		HideSolutionNode = FALSE
	EndGlobalSection
	GlobalSection(ExtensibilityGlobals) = postSolution
		SolutionGuid = {037E0924-507A-4B29-8542-CE1F580070BF}
	EndGlobalSection
EndGlobal
